// !$*UTF8*$!
{
	archiveVersion = 1;
	classes = {
	};
	objectVersion = 46;
	objects = {

/* Begin PBXBuildFile section */
		1565044316E3E99B00D57F77 /* MBProgressHUD.m in Sources */ = {isa = PBXBuildFile; fileRef = 1565044216E3E99B00D57F77 /* MBProgressHUD.m */; };
		15F01FED16E2DAE6009DEAAF /* FirebaseComm.m in Sources */ = {isa = PBXBuildFile; fileRef = 15F01FEC16E2DAE6009DEAAF /* FirebaseComm.m */; };
		15F01FEF16E2DFC2009DEAAF /* CoreLocation.framework in Frameworks */ = {isa = PBXBuildFile; fileRef = 15F01FEE16E2DFC2009DEAAF /* CoreLocation.framework */; };
		15F01FF116E2E07C009DEAAF /* CoreMotion.framework in Frameworks */ = {isa = PBXBuildFile; fileRef = 15F01FF016E2E07C009DEAAF /* CoreMotion.framework */; };
		25596A4916E2E8CE00EFC691 /* dropbutton.png in Resources */ = {isa = PBXBuildFile; fileRef = 25596A4716E2E8CE00EFC691 /* dropbutton.png */; };
		25596A4A16E2E8CE00EFC691 /* pickupbutton.png in Resources */ = {isa = PBXBuildFile; fileRef = 25596A4816E2E8CE00EFC691 /* pickupbutton.png */; };
		25596A4D16E2EB3D00EFC691 /* DropMessageViewController.m in Sources */ = {isa = PBXBuildFile; fileRef = 25596A4C16E2EB3D00EFC691 /* DropMessageViewController.m */; };
		25596A5016E2EB7800EFC691 /* PickupMessageViewController.m in Sources */ = {isa = PBXBuildFile; fileRef = 25596A4F16E2EB7800EFC691 /* PickupMessageViewController.m */; };
		25596A5216E2EE4D00EFC691 /* MobileCoreServices.framework in Frameworks */ = {isa = PBXBuildFile; fileRef = 25596A5116E2EE4D00EFC691 /* MobileCoreServices.framework */; };
		25596A5416E2EF3A00EFC691 /* AVFoundation.framework in Frameworks */ = {isa = PBXBuildFile; fileRef = 25596A5316E2EF3A00EFC691 /* AVFoundation.framework */; };
		25596A5516E2F5C700EFC691 /* RenegadeMaster.ttf in Resources */ = {isa = PBXBuildFile; fileRef = 2591EAB416E2DEB500C352B9 /* RenegadeMaster.ttf */; };
		25596A5816E3020A00EFC691 /* CaptureSessionManager.m in Sources */ = {isa = PBXBuildFile; fileRef = 25596A5716E3020A00EFC691 /* CaptureSessionManager.m */; };
		25596A5D16E327DF00EFC691 /* SplashViewController.xib in Resources */ = {isa = PBXBuildFile; fileRef = 25596A5C16E327DF00EFC691 /* SplashViewController.xib */; };
		25596ABC16E33DEF00EFC691 /* PickupMessageViewController.xib in Resources */ = {isa = PBXBuildFile; fileRef = 25596ABB16E33DEF00EFC691 /* PickupMessageViewController.xib */; };
		25596ABF16E347C300EFC691 /* MessageTableCell.m in Sources */ = {isa = PBXBuildFile; fileRef = 25596ABE16E347C300EFC691 /* MessageTableCell.m */; };
		25596AC516E34F7700EFC691 /* MapKit.framework in Frameworks */ = {isa = PBXBuildFile; fileRef = 25596AC416E34F7700EFC691 /* MapKit.framework */; };
		25596AC816E35F7500EFC691 /* messageTable_bg.png in Resources */ = {isa = PBXBuildFile; fileRef = 25596AC616E35F7500EFC691 /* messageTable_bg.png */; };
		25596AC916E35F7500EFC691 /* messageTable_bg@2x.png in Resources */ = {isa = PBXBuildFile; fileRef = 25596AC716E35F7500EFC691 /* messageTable_bg@2x.png */; };
		25596ACB16E3FACF00EFC691 /* MessageTableCell.xib in Resources */ = {isa = PBXBuildFile; fileRef = 25596ACA16E3FACF00EFC691 /* MessageTableCell.xib */; };
		25596ACF16E4009800EFC691 /* MessageMapViewController.m in Sources */ = {isa = PBXBuildFile; fileRef = 25596ACD16E4009800EFC691 /* MessageMapViewController.m */; };
		25596AD016E4009800EFC691 /* MessageMapViewController.xib in Resources */ = {isa = PBXBuildFile; fileRef = 25596ACE16E4009800EFC691 /* MessageMapViewController.xib */; };
		25596AD316E437B100EFC691 /* ContactsViewController.m in Sources */ = {isa = PBXBuildFile; fileRef = 25596AD216E437B100EFC691 /* ContactsViewController.m */; };
		25596AD516E439CC00EFC691 /* AddressBookUI.framework in Frameworks */ = {isa = PBXBuildFile; fileRef = 25596AD416E439CC00EFC691 /* AddressBookUI.framework */; };
		25596AD716E43C6500EFC691 /* ContactsViewController.xib in Resources */ = {isa = PBXBuildFile; fileRef = 25596AD616E43C6500EFC691 /* ContactsViewController.xib */; };
		25596AD916E4460F00EFC691 /* AddressBook.framework in Frameworks */ = {isa = PBXBuildFile; fileRef = 25596AD816E4460E00EFC691 /* AddressBook.framework */; };
		25596ADC16E44A8D00EFC691 /* MapAnnotation.m in Sources */ = {isa = PBXBuildFile; fileRef = 25596ADB16E44A8C00EFC691 /* MapAnnotation.m */; };
		25596ADE16E4A01400EFC691 /* MessageUI.framework in Frameworks */ = {isa = PBXBuildFile; fileRef = 25596ADD16E4A01400EFC691 /* MessageUI.framework */; };
		25596AE116E4BF7D00EFC691 /* AskForNumberView.m in Sources */ = {isa = PBXBuildFile; fileRef = 25596AE016E4BF7C00EFC691 /* AskForNumberView.m */; };
		25596AE316E4BF9C00EFC691 /* AskForNumberView.xib in Resources */ = {isa = PBXBuildFile; fileRef = 25596AE216E4BF9B00EFC691 /* AskForNumberView.xib */; };
		2591EA8C16E2A89D00C352B9 /* UIKit.framework in Frameworks */ = {isa = PBXBuildFile; fileRef = 2591EA8B16E2A89D00C352B9 /* UIKit.framework */; };
		2591EA8E16E2A89D00C352B9 /* Foundation.framework in Frameworks */ = {isa = PBXBuildFile; fileRef = 2591EA8D16E2A89D00C352B9 /* Foundation.framework */; };
		2591EA9016E2A89D00C352B9 /* CoreGraphics.framework in Frameworks */ = {isa = PBXBuildFile; fileRef = 2591EA8F16E2A89D00C352B9 /* CoreGraphics.framework */; };
		2591EA9616E2A89D00C352B9 /* InfoPlist.strings in Resources */ = {isa = PBXBuildFile; fileRef = 2591EA9416E2A89D00C352B9 /* InfoPlist.strings */; };
		2591EA9816E2A89D00C352B9 /* main.m in Sources */ = {isa = PBXBuildFile; fileRef = 2591EA9716E2A89D00C352B9 /* main.m */; };
		2591EA9C16E2A89E00C352B9 /* AppDelegate.m in Sources */ = {isa = PBXBuildFile; fileRef = 2591EA9B16E2A89E00C352B9 /* AppDelegate.m */; };
		2591EA9E16E2A89E00C352B9 /* Default.png in Resources */ = {isa = PBXBuildFile; fileRef = 2591EA9D16E2A89E00C352B9 /* Default.png */; };
		2591EAA016E2A89E00C352B9 /* Default@2x.png in Resources */ = {isa = PBXBuildFile; fileRef = 2591EA9F16E2A89E00C352B9 /* Default@2x.png */; };
		2591EAA216E2A89E00C352B9 /* Default-568h@2x.png in Resources */ = {isa = PBXBuildFile; fileRef = 2591EAA116E2A89E00C352B9 /* Default-568h@2x.png */; };
		2591EAA916E2C3BA00C352B9 /* Firebase.framework in Frameworks */ = {isa = PBXBuildFile; fileRef = 2591EAA816E2C3BA00C352B9 /* Firebase.framework */; };
		2591EAAD16E2C9AC00C352B9 /* CFNetwork.framework in Frameworks */ = {isa = PBXBuildFile; fileRef = 2591EAAA16E2C9AC00C352B9 /* CFNetwork.framework */; };
		2591EAAE16E2C9AC00C352B9 /* libicucore.dylib in Frameworks */ = {isa = PBXBuildFile; fileRef = 2591EAAB16E2C9AC00C352B9 /* libicucore.dylib */; };
		2591EAAF16E2C9AC00C352B9 /* Security.framework in Frameworks */ = {isa = PBXBuildFile; fileRef = 2591EAAC16E2C9AC00C352B9 /* Security.framework */; };
		2591EAB216E2D1CD00C352B9 /* SplashViewController.m in Sources */ = {isa = PBXBuildFile; fileRef = 2591EAB116E2D1CD00C352B9 /* SplashViewController.m */; };
		2591EABA16E2E3A900C352B9 /* dropbutton@2x.png in Resources */ = {isa = PBXBuildFile; fileRef = 2591EAB816E2E3A900C352B9 /* dropbutton@2x.png */; };
		2591EABB16E2E3A900C352B9 /* pickupbutton@2x.png in Resources */ = {isa = PBXBuildFile; fileRef = 2591EAB916E2E3A900C352B9 /* pickupbutton@2x.png */; };
/* End PBXBuildFile section */

/* Begin PBXFileReference section */
		1565044116E3E99B00D57F77 /* MBProgressHUD.h */ = {isa = PBXFileReference; fileEncoding = 4; lastKnownFileType = sourcecode.c.h; path = MBProgressHUD.h; sourceTree = "<group>"; };
		1565044216E3E99B00D57F77 /* MBProgressHUD.m */ = {isa = PBXFileReference; fileEncoding = 4; lastKnownFileType = sourcecode.c.objc; path = MBProgressHUD.m; sourceTree = "<group>"; };
		15F01FEB16E2DAE5009DEAAF /* FirebaseComm.h */ = {isa = PBXFileReference; fileEncoding = 4; lastKnownFileType = sourcecode.c.h; path = FirebaseComm.h; sourceTree = "<group>"; };
		15F01FEC16E2DAE6009DEAAF /* FirebaseComm.m */ = {isa = PBXFileReference; fileEncoding = 4; lastKnownFileType = sourcecode.c.objc; path = FirebaseComm.m; sourceTree = "<group>"; };
		15F01FEE16E2DFC2009DEAAF /* CoreLocation.framework */ = {isa = PBXFileReference; lastKnownFileType = wrapper.framework; name = CoreLocation.framework; path = System/Library/Frameworks/CoreLocation.framework; sourceTree = SDKROOT; };
		15F01FF016E2E07C009DEAAF /* CoreMotion.framework */ = {isa = PBXFileReference; lastKnownFileType = wrapper.framework; name = CoreMotion.framework; path = System/Library/Frameworks/CoreMotion.framework; sourceTree = SDKROOT; };
		25596A4716E2E8CE00EFC691 /* dropbutton.png */ = {isa = PBXFileReference; lastKnownFileType = image.png; path = dropbutton.png; sourceTree = "<group>"; };
		25596A4816E2E8CE00EFC691 /* pickupbutton.png */ = {isa = PBXFileReference; lastKnownFileType = image.png; path = pickupbutton.png; sourceTree = "<group>"; };
		25596A4B16E2EB3D00EFC691 /* DropMessageViewController.h */ = {isa = PBXFileReference; fileEncoding = 4; lastKnownFileType = sourcecode.c.h; path = DropMessageViewController.h; sourceTree = "<group>"; };
		25596A4C16E2EB3D00EFC691 /* DropMessageViewController.m */ = {isa = PBXFileReference; fileEncoding = 4; lastKnownFileType = sourcecode.c.objc; path = DropMessageViewController.m; sourceTree = "<group>"; };
		25596A4E16E2EB7800EFC691 /* PickupMessageViewController.h */ = {isa = PBXFileReference; fileEncoding = 4; lastKnownFileType = sourcecode.c.h; path = PickupMessageViewController.h; sourceTree = "<group>"; };
		25596A4F16E2EB7800EFC691 /* PickupMessageViewController.m */ = {isa = PBXFileReference; fileEncoding = 4; lastKnownFileType = sourcecode.c.objc; path = PickupMessageViewController.m; sourceTree = "<group>"; };
		25596A5116E2EE4D00EFC691 /* MobileCoreServices.framework */ = {isa = PBXFileReference; lastKnownFileType = wrapper.framework; name = MobileCoreServices.framework; path = System/Library/Frameworks/MobileCoreServices.framework; sourceTree = SDKROOT; };
		25596A5316E2EF3A00EFC691 /* AVFoundation.framework */ = {isa = PBXFileReference; lastKnownFileType = wrapper.framework; name = AVFoundation.framework; path = System/Library/Frameworks/AVFoundation.framework; sourceTree = SDKROOT; };
		25596A5616E3020A00EFC691 /* CaptureSessionManager.h */ = {isa = PBXFileReference; fileEncoding = 4; lastKnownFileType = sourcecode.c.h; path = CaptureSessionManager.h; sourceTree = "<group>"; };
		25596A5716E3020A00EFC691 /* CaptureSessionManager.m */ = {isa = PBXFileReference; fileEncoding = 4; lastKnownFileType = sourcecode.c.objc; path = CaptureSessionManager.m; sourceTree = "<group>"; };
		25596A5C16E327DF00EFC691 /* SplashViewController.xib */ = {isa = PBXFileReference; fileEncoding = 4; lastKnownFileType = file.xib; path = SplashViewController.xib; sourceTree = "<group>"; };
		25596ABB16E33DEF00EFC691 /* PickupMessageViewController.xib */ = {isa = PBXFileReference; fileEncoding = 4; lastKnownFileType = file.xib; path = PickupMessageViewController.xib; sourceTree = "<group>"; };
		25596ABD16E347C300EFC691 /* MessageTableCell.h */ = {isa = PBXFileReference; fileEncoding = 4; lastKnownFileType = sourcecode.c.h; path = MessageTableCell.h; sourceTree = "<group>"; };
		25596ABE16E347C300EFC691 /* MessageTableCell.m */ = {isa = PBXFileReference; fileEncoding = 4; lastKnownFileType = sourcecode.c.objc; path = MessageTableCell.m; sourceTree = "<group>"; };
		25596AC416E34F7700EFC691 /* MapKit.framework */ = {isa = PBXFileReference; lastKnownFileType = wrapper.framework; name = MapKit.framework; path = System/Library/Frameworks/MapKit.framework; sourceTree = SDKROOT; };
		25596AC616E35F7500EFC691 /* messageTable_bg.png */ = {isa = PBXFileReference; lastKnownFileType = image.png; path = messageTable_bg.png; sourceTree = "<group>"; };
		25596AC716E35F7500EFC691 /* messageTable_bg@2x.png */ = {isa = PBXFileReference; lastKnownFileType = image.png; path = "messageTable_bg@2x.png"; sourceTree = "<group>"; };
		25596ACA16E3FACF00EFC691 /* MessageTableCell.xib */ = {isa = PBXFileReference; fileEncoding = 4; lastKnownFileType = file.xib; path = MessageTableCell.xib; sourceTree = "<group>"; };
		25596ACC16E4009800EFC691 /* MessageMapViewController.h */ = {isa = PBXFileReference; fileEncoding = 4; lastKnownFileType = sourcecode.c.h; path = MessageMapViewController.h; sourceTree = "<group>"; };
		25596ACD16E4009800EFC691 /* MessageMapViewController.m */ = {isa = PBXFileReference; fileEncoding = 4; lastKnownFileType = sourcecode.c.objc; path = MessageMapViewController.m; sourceTree = "<group>"; };
		25596ACE16E4009800EFC691 /* MessageMapViewController.xib */ = {isa = PBXFileReference; fileEncoding = 4; lastKnownFileType = file.xib; path = MessageMapViewController.xib; sourceTree = "<group>"; };
		25596AD116E437B000EFC691 /* ContactsViewController.h */ = {isa = PBXFileReference; fileEncoding = 4; lastKnownFileType = sourcecode.c.h; path = ContactsViewController.h; sourceTree = "<group>"; };
		25596AD216E437B100EFC691 /* ContactsViewController.m */ = {isa = PBXFileReference; fileEncoding = 4; lastKnownFileType = sourcecode.c.objc; path = ContactsViewController.m; sourceTree = "<group>"; };
		25596AD416E439CC00EFC691 /* AddressBookUI.framework */ = {isa = PBXFileReference; lastKnownFileType = wrapper.framework; name = AddressBookUI.framework; path = System/Library/Frameworks/AddressBookUI.framework; sourceTree = SDKROOT; };
		25596AD616E43C6500EFC691 /* ContactsViewController.xib */ = {isa = PBXFileReference; fileEncoding = 4; lastKnownFileType = file.xib; path = ContactsViewController.xib; sourceTree = "<group>"; };
		25596AD816E4460E00EFC691 /* AddressBook.framework */ = {isa = PBXFileReference; lastKnownFileType = wrapper.framework; name = AddressBook.framework; path = System/Library/Frameworks/AddressBook.framework; sourceTree = SDKROOT; };
		25596ADA16E44A8B00EFC691 /* MapAnnotation.h */ = {isa = PBXFileReference; fileEncoding = 4; lastKnownFileType = sourcecode.c.h; path = MapAnnotation.h; sourceTree = "<group>"; };
		25596ADB16E44A8C00EFC691 /* MapAnnotation.m */ = {isa = PBXFileReference; fileEncoding = 4; lastKnownFileType = sourcecode.c.objc; path = MapAnnotation.m; sourceTree = "<group>"; };
		25596ADD16E4A01400EFC691 /* MessageUI.framework */ = {isa = PBXFileReference; lastKnownFileType = wrapper.framework; name = MessageUI.framework; path = System/Library/Frameworks/MessageUI.framework; sourceTree = SDKROOT; };
		25596ADF16E4BF7A00EFC691 /* AskForNumberView.h */ = {isa = PBXFileReference; fileEncoding = 4; lastKnownFileType = sourcecode.c.h; path = AskForNumberView.h; sourceTree = "<group>"; };
		25596AE016E4BF7C00EFC691 /* AskForNumberView.m */ = {isa = PBXFileReference; fileEncoding = 4; lastKnownFileType = sourcecode.c.objc; path = AskForNumberView.m; sourceTree = "<group>"; };
		25596AE216E4BF9B00EFC691 /* AskForNumberView.xib */ = {isa = PBXFileReference; fileEncoding = 4; lastKnownFileType = file.xib; path = AskForNumberView.xib; sourceTree = "<group>"; };
		2591EA8816E2A89D00C352B9 /* SkySpy.app */ = {isa = PBXFileReference; explicitFileType = wrapper.application; includeInIndex = 0; path = SkySpy.app; sourceTree = BUILT_PRODUCTS_DIR; };
		2591EA8B16E2A89D00C352B9 /* UIKit.framework */ = {isa = PBXFileReference; lastKnownFileType = wrapper.framework; name = UIKit.framework; path = System/Library/Frameworks/UIKit.framework; sourceTree = SDKROOT; };
		2591EA8D16E2A89D00C352B9 /* Foundation.framework */ = {isa = PBXFileReference; lastKnownFileType = wrapper.framework; name = Foundation.framework; path = System/Library/Frameworks/Foundation.framework; sourceTree = SDKROOT; };
		2591EA8F16E2A89D00C352B9 /* CoreGraphics.framework */ = {isa = PBXFileReference; lastKnownFileType = wrapper.framework; name = CoreGraphics.framework; path = System/Library/Frameworks/CoreGraphics.framework; sourceTree = SDKROOT; };
		2591EA9316E2A89D00C352B9 /* SkySpy-Info.plist */ = {isa = PBXFileReference; lastKnownFileType = text.plist.xml; path = "SkySpy-Info.plist"; sourceTree = "<group>"; };
		2591EA9516E2A89D00C352B9 /* en */ = {isa = PBXFileReference; lastKnownFileType = text.plist.strings; name = en; path = en.lproj/InfoPlist.strings; sourceTree = "<group>"; };
		2591EA9716E2A89D00C352B9 /* main.m */ = {isa = PBXFileReference; lastKnownFileType = sourcecode.c.objc; path = main.m; sourceTree = "<group>"; };
		2591EA9916E2A89D00C352B9 /* SkySpy-Prefix.pch */ = {isa = PBXFileReference; lastKnownFileType = sourcecode.c.h; path = "SkySpy-Prefix.pch"; sourceTree = "<group>"; };
		2591EA9A16E2A89E00C352B9 /* AppDelegate.h */ = {isa = PBXFileReference; lastKnownFileType = sourcecode.c.h; path = AppDelegate.h; sourceTree = "<group>"; };
		2591EA9B16E2A89E00C352B9 /* AppDelegate.m */ = {isa = PBXFileReference; lastKnownFileType = sourcecode.c.objc; path = AppDelegate.m; sourceTree = "<group>"; };
		2591EA9D16E2A89E00C352B9 /* Default.png */ = {isa = PBXFileReference; lastKnownFileType = image.png; path = Default.png; sourceTree = "<group>"; };
		2591EA9F16E2A89E00C352B9 /* Default@2x.png */ = {isa = PBXFileReference; lastKnownFileType = image.png; path = "Default@2x.png"; sourceTree = "<group>"; };
		2591EAA116E2A89E00C352B9 /* Default-568h@2x.png */ = {isa = PBXFileReference; lastKnownFileType = image.png; path = "Default-568h@2x.png"; sourceTree = "<group>"; };
		2591EAA816E2C3BA00C352B9 /* Firebase.framework */ = {isa = PBXFileReference; lastKnownFileType = wrapper.framework; path = Firebase.framework; sourceTree = "<group>"; };
		2591EAAA16E2C9AC00C352B9 /* CFNetwork.framework */ = {isa = PBXFileReference; lastKnownFileType = wrapper.framework; name = CFNetwork.framework; path = System/Library/Frameworks/CFNetwork.framework; sourceTree = SDKROOT; };
		2591EAAB16E2C9AC00C352B9 /* libicucore.dylib */ = {isa = PBXFileReference; lastKnownFileType = "compiled.mach-o.dylib"; name = libicucore.dylib; path = usr/lib/libicucore.dylib; sourceTree = SDKROOT; };
		2591EAAC16E2C9AC00C352B9 /* Security.framework */ = {isa = PBXFileReference; lastKnownFileType = wrapper.framework; name = Security.framework; path = System/Library/Frameworks/Security.framework; sourceTree = SDKROOT; };
		2591EAB016E2D1CD00C352B9 /* SplashViewController.h */ = {isa = PBXFileReference; fileEncoding = 4; lastKnownFileType = sourcecode.c.h; path = SplashViewController.h; sourceTree = "<group>"; };
		2591EAB116E2D1CD00C352B9 /* SplashViewController.m */ = {isa = PBXFileReference; fileEncoding = 4; lastKnownFileType = sourcecode.c.objc; path = SplashViewController.m; sourceTree = "<group>"; };
		2591EAB416E2DEB500C352B9 /* RenegadeMaster.ttf */ = {isa = PBXFileReference; lastKnownFileType = file; path = RenegadeMaster.ttf; sourceTree = "<group>"; };
		2591EAB816E2E3A900C352B9 /* dropbutton@2x.png */ = {isa = PBXFileReference; lastKnownFileType = image.png; path = "dropbutton@2x.png"; sourceTree = "<group>"; };
		2591EAB916E2E3A900C352B9 /* pickupbutton@2x.png */ = {isa = PBXFileReference; lastKnownFileType = image.png; path = "pickupbutton@2x.png"; sourceTree = "<group>"; };
/* End PBXFileReference section */

/* Begin PBXFrameworksBuildPhase section */
		2591EA8516E2A89D00C352B9 /* Frameworks */ = {
			isa = PBXFrameworksBuildPhase;
			buildActionMask = 2147483647;
			files = (
				25596ADE16E4A01400EFC691 /* MessageUI.framework in Frameworks */,
				25596AD916E4460F00EFC691 /* AddressBook.framework in Frameworks */,
				25596AD516E439CC00EFC691 /* AddressBookUI.framework in Frameworks */,
				2591EA8C16E2A89D00C352B9 /* UIKit.framework in Frameworks */,
				25596AC516E34F7700EFC691 /* MapKit.framework in Frameworks */,
				25596A5416E2EF3A00EFC691 /* AVFoundation.framework in Frameworks */,
				25596A5216E2EE4D00EFC691 /* MobileCoreServices.framework in Frameworks */,
				15F01FF116E2E07C009DEAAF /* CoreMotion.framework in Frameworks */,
				15F01FEF16E2DFC2009DEAAF /* CoreLocation.framework in Frameworks */,
				2591EAAD16E2C9AC00C352B9 /* CFNetwork.framework in Frameworks */,
				2591EAAE16E2C9AC00C352B9 /* libicucore.dylib in Frameworks */,
				2591EAAF16E2C9AC00C352B9 /* Security.framework in Frameworks */,
				2591EA8E16E2A89D00C352B9 /* Foundation.framework in Frameworks */,
				2591EA9016E2A89D00C352B9 /* CoreGraphics.framework in Frameworks */,
				2591EAA916E2C3BA00C352B9 /* Firebase.framework in Frameworks */,
			);
			runOnlyForDeploymentPostprocessing = 0;
		};
/* End PBXFrameworksBuildPhase section */

/* Begin PBXGroup section */
		2591EA7F16E2A89D00C352B9 = {
			isa = PBXGroup;
			children = (
				2591EA9116E2A89D00C352B9 /* SkySpy */,
				2591EA8A16E2A89D00C352B9 /* Frameworks */,
				2591EA8916E2A89D00C352B9 /* Products */,
			);
			sourceTree = "<group>";
		};
		2591EA8916E2A89D00C352B9 /* Products */ = {
			isa = PBXGroup;
			children = (
				2591EA8816E2A89D00C352B9 /* SkySpy.app */,
			);
			name = Products;
			sourceTree = "<group>";
		};
		2591EA8A16E2A89D00C352B9 /* Frameworks */ = {
			isa = PBXGroup;
			children = (
				25596ADD16E4A01400EFC691 /* MessageUI.framework */,
				25596AD816E4460E00EFC691 /* AddressBook.framework */,
				25596AD416E439CC00EFC691 /* AddressBookUI.framework */,
				25596AC416E34F7700EFC691 /* MapKit.framework */,
				15F01FF016E2E07C009DEAAF /* CoreMotion.framework */,
				15F01FEE16E2DFC2009DEAAF /* CoreLocation.framework */,
				2591EAAA16E2C9AC00C352B9 /* CFNetwork.framework */,
				2591EAAB16E2C9AC00C352B9 /* libicucore.dylib */,
				25596A5316E2EF3A00EFC691 /* AVFoundation.framework */,
				25596A5116E2EE4D00EFC691 /* MobileCoreServices.framework */,
				2591EAAA16E2C9AC00C352B9 /* CFNetwork.framework */,
				2591EAAC16E2C9AC00C352B9 /* Security.framework */,
				2591EAA816E2C3BA00C352B9 /* Firebase.framework */,
				2591EA8B16E2A89D00C352B9 /* UIKit.framework */,
				2591EA8D16E2A89D00C352B9 /* Foundation.framework */,
				2591EA8F16E2A89D00C352B9 /* CoreGraphics.framework */,
			);
			name = Frameworks;
			sourceTree = "<group>";
		};
		2591EA9116E2A89D00C352B9 /* SkySpy */ = {
			isa = PBXGroup;
			children = (
				2591EA9A16E2A89E00C352B9 /* AppDelegate.h */,
				2591EA9B16E2A89E00C352B9 /* AppDelegate.m */,
				2591EAB016E2D1CD00C352B9 /* SplashViewController.h */,
				2591EAB116E2D1CD00C352B9 /* SplashViewController.m */,
				25596A5C16E327DF00EFC691 /* SplashViewController.xib */,
				25596ADF16E4BF7A00EFC691 /* AskForNumberView.h */,
				25596AE016E4BF7C00EFC691 /* AskForNumberView.m */,
				25596AE216E4BF9B00EFC691 /* AskForNumberView.xib */,
				25596A4E16E2EB7800EFC691 /* PickupMessageViewController.h */,
				25596A4F16E2EB7800EFC691 /* PickupMessageViewController.m */,
				25596ABB16E33DEF00EFC691 /* PickupMessageViewController.xib */,
				25596ACC16E4009800EFC691 /* MessageMapViewController.h */,
				25596ACD16E4009800EFC691 /* MessageMapViewController.m */,
				25596ACE16E4009800EFC691 /* MessageMapViewController.xib */,
				25596ABD16E347C300EFC691 /* MessageTableCell.h */,
				25596ABE16E347C300EFC691 /* MessageTableCell.m */,
				25596ACA16E3FACF00EFC691 /* MessageTableCell.xib */,
				25596A4B16E2EB3D00EFC691 /* DropMessageViewController.h */,
				25596A4C16E2EB3D00EFC691 /* DropMessageViewController.m */,
				25596AD116E437B000EFC691 /* ContactsViewController.h */,
				25596AD216E437B100EFC691 /* ContactsViewController.m */,
				25596AD616E43C6500EFC691 /* ContactsViewController.xib */,
				25596A5616E3020A00EFC691 /* CaptureSessionManager.h */,
				25596A5716E3020A00EFC691 /* CaptureSessionManager.m */,
				25596ADA16E44A8B00EFC691 /* MapAnnotation.h */,
				25596ADB16E44A8C00EFC691 /* MapAnnotation.m */,
				15F01FEB16E2DAE5009DEAAF /* FirebaseComm.h */,
				15F01FEC16E2DAE6009DEAAF /* FirebaseComm.m */,
				1565044116E3E99B00D57F77 /* MBProgressHUD.h */,
				1565044216E3E99B00D57F77 /* MBProgressHUD.m */,
				2591EA9216E2A89D00C352B9 /* Supporting Files */,
			);
			path = SkySpy;
			sourceTree = "<group>";
		};
		2591EA9216E2A89D00C352B9 /* Supporting Files */ = {
			isa = PBXGroup;
			children = (
				25596AC616E35F7500EFC691 /* messageTable_bg.png */,
				25596AC716E35F7500EFC691 /* messageTable_bg@2x.png */,
				25596A4716E2E8CE00EFC691 /* dropbutton.png */,
				25596A4816E2E8CE00EFC691 /* pickupbutton.png */,
				2591EAB816E2E3A900C352B9 /* dropbutton@2x.png */,
				2591EAB916E2E3A900C352B9 /* pickupbutton@2x.png */,
				2591EAB416E2DEB500C352B9 /* RenegadeMaster.ttf */,
				2591EA9316E2A89D00C352B9 /* SkySpy-Info.plist */,
				2591EA9416E2A89D00C352B9 /* InfoPlist.strings */,
				2591EA9716E2A89D00C352B9 /* main.m */,
				2591EA9916E2A89D00C352B9 /* SkySpy-Prefix.pch */,
				2591EA9D16E2A89E00C352B9 /* Default.png */,
				2591EA9F16E2A89E00C352B9 /* Default@2x.png */,
				2591EAA116E2A89E00C352B9 /* Default-568h@2x.png */,
			);
			name = "Supporting Files";
			sourceTree = "<group>";
		};
/* End PBXGroup section */

/* Begin PBXNativeTarget section */
		2591EA8716E2A89D00C352B9 /* SkySpy */ = {
			isa = PBXNativeTarget;
			buildConfigurationList = 2591EAA516E2A89E00C352B9 /* Build configuration list for PBXNativeTarget "SkySpy" */;
			buildPhases = (
				2591EA8416E2A89D00C352B9 /* Sources */,
				2591EA8516E2A89D00C352B9 /* Frameworks */,
				2591EA8616E2A89D00C352B9 /* Resources */,
			);
			buildRules = (
			);
			dependencies = (
			);
			name = SkySpy;
			productName = SkySpy;
			productReference = 2591EA8816E2A89D00C352B9 /* SkySpy.app */;
			productType = "com.apple.product-type.application";
		};
/* End PBXNativeTarget section */

/* Begin PBXProject section */
		2591EA8016E2A89D00C352B9 /* Project object */ = {
			isa = PBXProject;
			attributes = {
				LastUpgradeCheck = 0460;
				ORGANIZATIONNAME = "Ran Tao";
			};
			buildConfigurationList = 2591EA8316E2A89D00C352B9 /* Build configuration list for PBXProject "SkySpy" */;
			compatibilityVersion = "Xcode 3.2";
			developmentRegion = English;
			hasScannedForEncodings = 0;
			knownRegions = (
				en,
			);
			mainGroup = 2591EA7F16E2A89D00C352B9;
			productRefGroup = 2591EA8916E2A89D00C352B9 /* Products */;
			projectDirPath = "";
			projectRoot = "";
			targets = (
				2591EA8716E2A89D00C352B9 /* SkySpy */,
			);
		};
/* End PBXProject section */

/* Begin PBXResourcesBuildPhase section */
		2591EA8616E2A89D00C352B9 /* Resources */ = {
			isa = PBXResourcesBuildPhase;
			buildActionMask = 2147483647;
			files = (
				25596A5516E2F5C700EFC691 /* RenegadeMaster.ttf in Resources */,
				2591EA9616E2A89D00C352B9 /* InfoPlist.strings in Resources */,
				2591EA9E16E2A89E00C352B9 /* Default.png in Resources */,
				2591EAA016E2A89E00C352B9 /* Default@2x.png in Resources */,
				2591EAA216E2A89E00C352B9 /* Default-568h@2x.png in Resources */,
				2591EABA16E2E3A900C352B9 /* dropbutton@2x.png in Resources */,
				2591EABB16E2E3A900C352B9 /* pickupbutton@2x.png in Resources */,
				25596A4916E2E8CE00EFC691 /* dropbutton.png in Resources */,
				25596A4A16E2E8CE00EFC691 /* pickupbutton.png in Resources */,
				25596A5D16E327DF00EFC691 /* SplashViewController.xib in Resources */,
				25596ABC16E33DEF00EFC691 /* PickupMessageViewController.xib in Resources */,
				25596AC816E35F7500EFC691 /* messageTable_bg.png in Resources */,
				25596AC916E35F7500EFC691 /* messageTable_bg@2x.png in Resources */,
				25596ACB16E3FACF00EFC691 /* MessageTableCell.xib in Resources */,
				25596AD016E4009800EFC691 /* MessageMapViewController.xib in Resources */,
				25596AD716E43C6500EFC691 /* ContactsViewController.xib in Resources */,
				25596AE316E4BF9C00EFC691 /* AskForNumberView.xib in Resources */,
			);
			runOnlyForDeploymentPostprocessing = 0;
		};
/* End PBXResourcesBuildPhase section */

/* Begin PBXSourcesBuildPhase section */
		2591EA8416E2A89D00C352B9 /* Sources */ = {
			isa = PBXSourcesBuildPhase;
			buildActionMask = 2147483647;
			files = (
				2591EA9816E2A89D00C352B9 /* main.m in Sources */,
				2591EA9C16E2A89E00C352B9 /* AppDelegate.m in Sources */,
				2591EAB216E2D1CD00C352B9 /* SplashViewController.m in Sources */,
				25596A4D16E2EB3D00EFC691 /* DropMessageViewController.m in Sources */,
				25596A5016E2EB7800EFC691 /* PickupMessageViewController.m in Sources */,
				25596A5816E3020A00EFC691 /* CaptureSessionManager.m in Sources */,
				15F01FED16E2DAE6009DEAAF /* FirebaseComm.m in Sources */,
				25596ABF16E347C300EFC691 /* MessageTableCell.m in Sources */,
				1565044316E3E99B00D57F77 /* MBProgressHUD.m in Sources */,
				25596ACF16E4009800EFC691 /* MessageMapViewController.m in Sources */,
				25596AD316E437B100EFC691 /* ContactsViewController.m in Sources */,
				25596ADC16E44A8D00EFC691 /* MapAnnotation.m in Sources */,
				25596AE116E4BF7D00EFC691 /* AskForNumberView.m in Sources */,
			);
			runOnlyForDeploymentPostprocessing = 0;
		};
/* End PBXSourcesBuildPhase section */

/* Begin PBXVariantGroup section */
		2591EA9416E2A89D00C352B9 /* InfoPlist.strings */ = {
			isa = PBXVariantGroup;
			children = (
				2591EA9516E2A89D00C352B9 /* en */,
			);
			name = InfoPlist.strings;
			sourceTree = "<group>";
		};
/* End PBXVariantGroup section */

/* Begin XCBuildConfiguration section */
		2591EAA316E2A89E00C352B9 /* Debug */ = {
			isa = XCBuildConfiguration;
			buildSettings = {
				ALWAYS_SEARCH_USER_PATHS = NO;
				CLANG_CXX_LANGUAGE_STANDARD = "gnu++0x";
				CLANG_CXX_LIBRARY = "libc++";
				CLANG_ENABLE_OBJC_ARC = YES;
				CLANG_WARN_CONSTANT_CONVERSION = YES;
				CLANG_WARN_EMPTY_BODY = YES;
				CLANG_WARN_ENUM_CONVERSION = YES;
				CLANG_WARN_INT_CONVERSION = YES;
				CLANG_WARN__DUPLICATE_METHOD_MATCH = YES;
				"CODE_SIGN_IDENTITY[sdk=iphoneos*]" = "iPhone Developer";
				COPY_PHASE_STRIP = NO;
				GCC_C_LANGUAGE_STANDARD = gnu99;
				GCC_DYNAMIC_NO_PIC = NO;
				GCC_OPTIMIZATION_LEVEL = 0;
				GCC_PREPROCESSOR_DEFINITIONS = (
					"DEBUG=1",
					"$(inherited)",
				);
				GCC_SYMBOLS_PRIVATE_EXTERN = NO;
				GCC_WARN_ABOUT_RETURN_TYPE = YES;
				GCC_WARN_UNINITIALIZED_AUTOS = YES;
				GCC_WARN_UNUSED_VARIABLE = YES;
				IPHONEOS_DEPLOYMENT_TARGET = 6.1;
				ONLY_ACTIVE_ARCH = YES;
				SDKROOT = iphoneos;
				TARGETED_DEVICE_FAMILY = "1,2";
			};
			name = Debug;
		};
		2591EAA416E2A89E00C352B9 /* Release */ = {
			isa = XCBuildConfiguration;
			buildSettings = {
				ALWAYS_SEARCH_USER_PATHS = NO;
				CLANG_CXX_LANGUAGE_STANDARD = "gnu++0x";
				CLANG_CXX_LIBRARY = "libc++";
				CLANG_ENABLE_OBJC_ARC = YES;
				CLANG_WARN_CONSTANT_CONVERSION = YES;
				CLANG_WARN_EMPTY_BODY = YES;
				CLANG_WARN_ENUM_CONVERSION = YES;
				CLANG_WARN_INT_CONVERSION = YES;
				CLANG_WARN__DUPLICATE_METHOD_MATCH = YES;
				"CODE_SIGN_IDENTITY[sdk=iphoneos*]" = "iPhone Developer";
				COPY_PHASE_STRIP = YES;
				GCC_C_LANGUAGE_STANDARD = gnu99;
				GCC_WARN_ABOUT_RETURN_TYPE = YES;
				GCC_WARN_UNINITIALIZED_AUTOS = YES;
				GCC_WARN_UNUSED_VARIABLE = YES;
				IPHONEOS_DEPLOYMENT_TARGET = 6.1;
				OTHER_CFLAGS = "-DNS_BLOCK_ASSERTIONS=1";
				SDKROOT = iphoneos;
				TARGETED_DEVICE_FAMILY = "1,2";
				VALIDATE_PRODUCT = YES;
			};
			name = Release;
		};
		2591EAA616E2A89E00C352B9 /* Debug */ = {
			isa = XCBuildConfiguration;
			buildSettings = {
				FRAMEWORK_SEARCH_PATHS = (
					"$(inherited)",
					"\"$(SRCROOT)\"",
				);
				GCC_PRECOMPILE_PREFIX_HEADER = YES;
				GCC_PREFIX_HEADER = "SkySpy/SkySpy-Prefix.pch";
				INFOPLIST_FILE = "SkySpy/SkySpy-Info.plist";
				IPHONEOS_DEPLOYMENT_TARGET = 6.0;
				"OTHER_LDFLAGS[arch=*]" = "-ObjC";
				PRODUCT_NAME = "$(TARGET_NAME)";
				TARGETED_DEVICE_FAMILY = 1;
				WRAPPER_EXTENSION = app;
			};
			name = Debug;
		};
		2591EAA716E2A89E00C352B9 /* Release */ = {
			isa = XCBuildConfiguration;
			buildSettings = {
				FRAMEWORK_SEARCH_PATHS = (
					"$(inherited)",
					"\"$(SRCROOT)\"",
				);
				GCC_PRECOMPILE_PREFIX_HEADER = YES;
				GCC_PREFIX_HEADER = "SkySpy/SkySpy-Prefix.pch";
				INFOPLIST_FILE = "SkySpy/SkySpy-Info.plist";
				IPHONEOS_DEPLOYMENT_TARGET = 6.0;
				"OTHER_LDFLAGS[arch=*]" = "-ObjC";
				PRODUCT_NAME = "$(TARGET_NAME)";
				TARGETED_DEVICE_FAMILY = 1;
				WRAPPER_EXTENSION = app;
			};
			name = Release;
		};
/* End XCBuildConfiguration section */

/* Begin XCConfigurationList section */
		2591EA8316E2A89D00C352B9 /* Build configuration list for PBXProject "SkySpy" */ = {
			isa = XCConfigurationList;
			buildConfigurations = (
				2591EAA316E2A89E00C352B9 /* Debug */,
				2591EAA416E2A89E00C352B9 /* Release */,
			);
			defaultConfigurationIsVisible = 0;
			defaultConfigurationName = Release;
		};
		2591EAA516E2A89E00C352B9 /* Build configuration list for PBXNativeTarget "SkySpy" */ = {
			isa = XCConfigurationList;
			buildConfigurations = (
				2591EAA616E2A89E00C352B9 /* Debug */,
				2591EAA716E2A89E00C352B9 /* Release */,
			);
			defaultConfigurationIsVisible = 0;
			defaultConfigurationName = Release;
		};
/* End XCConfigurationList section */
	};
	rootObject = 2591EA8016E2A89D00C352B9 /* Project object */;
}
